
Microsoft Visual Studio Solution File, Format Version 12.00
# Visual Studio Version 17
VisualStudioVersion = 17.8.34330.188
MinimumVisualStudioVersion = 10.0.40219.1
Project("{9A19103F-16F7-4668-BE54-9A1E7A4F7556}") = "SurveyUI.Server", "Server\SurveyUI.Server.csproj", "{AD4A1111-D6B6-42DE-9D2A-BFADABED2D9A}"
EndProject
Project("{9A19103F-16F7-4668-BE54-9A1E7A4F7556}") = "SurveyUI.Client", "Client\SurveyUI.Client.csproj", "{3324E576-69EE-4C89-A364-C4CFECEB7286}"
EndProject
Project("{9A19103F-16F7-4668-BE54-9A1E7A4F7556}") = "SurveyUI.Shared", "Shared\SurveyUI.Shared.csproj", "{B263E4BA-5706-4B95-BBAE-5CB1EF9001F7}"
EndProject
Global
	GlobalSection(SolutionConfigurationPlatforms) = preSolution
		Debug|Any CPU = Debug|Any CPU
		Release|Any CPU = Release|Any CPU
	EndGlobalSection
	GlobalSection(ProjectConfigurationPlatforms) = postSolution
		{AD4A1111-D6B6-42DE-9D2A-BFADABED2D9A}.Debug|Any CPU.ActiveCfg = Debug|Any CPU
		{AD4A1111-D6B6-42DE-9D2A-BFADABED2D9A}.Debug|Any CPU.Build.0 = Debug|Any CPU
		{AD4A1111-D6B6-42DE-9D2A-BFADABED2D9A}.Release|Any CPU.ActiveCfg = Release|Any CPU
		{AD4A1111-D6B6-42DE-9D2A-BFADABED2D9A}.Release|Any CPU.Build.0 = Release|Any CPU
		{3324E576-69EE-4C89-A364-C4CFECEB7286}.Debug|Any CPU.ActiveCfg = Debug|Any CPU
		{3324E576-69EE-4C89-A364-C4CFECEB7286}.Debug|Any CPU.Build.0 = Debug|Any CPU
		{3324E576-69EE-4C89-A364-C4CFECEB7286}.Release|Any CPU.ActiveCfg = Release|Any CPU
		{3324E576-69EE-4C89-A364-C4CFECEB7286}.Release|Any CPU.Build.0 = Release|Any CPU
		{B263E4BA-5706-4B95-BBAE-5CB1EF9001F7}.Debug|Any CPU.ActiveCfg = Debug|Any CPU
		{B263E4BA-5706-4B95-BBAE-5CB1EF9001F7}.Debug|Any CPU.Build.0 = Debug|Any CPU
		{B263E4BA-5706-4B95-BBAE-5CB1EF9001F7}.Release|Any CPU.ActiveCfg = Release|Any CPU
		{B263E4BA-5706-4B95-BBAE-5CB1EF9001F7}.Release|Any CPU.Build.0 = Release|Any CPU
	EndGlobalSection
	GlobalSection(SolutionProperties) = preSolution
		HideSolutionNode = FALSE
	EndGlobalSection
	GlobalSection(ExtensibilityGlobals) = postSolution
		SolutionGuid = {F4FD0D2B-768C-46D3-8340-6211F349A3E2}
	EndGlobalSection
EndGlobal
